// !$*UTF8*$!
{
	archiveVersion = 1;
	classes = {
	};
	objectVersion = 46;
	objects = {

/* Begin PBXBuildFile section */
		1C91E8A81C11398600696AC0 /* main.m in Sources */ = {isa = PBXBuildFile; fileRef = 1C91E8A71C11398600696AC0 /* main.m */; };
		1C91E8AB1C11398600696AC0 /* AppDelegate.m in Sources */ = {isa = PBXBuildFile; fileRef = 1C91E8AA1C11398600696AC0 /* AppDelegate.m */; };
		1C91E8AE1C11398600696AC0 /* ViewController.m in Sources */ = {isa = PBXBuildFile; fileRef = 1C91E8AD1C11398600696AC0 /* ViewController.m */; };
		1C91E8B11C11398600696AC0 /* Main.storyboard in Resources */ = {isa = PBXBuildFile; fileRef = 1C91E8AF1C11398600696AC0 /* Main.storyboard */; };
		1C91E8B31C11398600696AC0 /* Images.xcassets in Resources */ = {isa = PBXBuildFile; fileRef = 1C91E8B21C11398600696AC0 /* Images.xcassets */; };
		1C91E8B61C11398600696AC0 /* LaunchScreen.xib in Resources */ = {isa = PBXBuildFile; fileRef = 1C91E8B41C11398600696AC0 /* LaunchScreen.xib */; };
		1C91E8C21C11398600696AC0 /* searchTests.m in Sources */ = {isa = PBXBuildFile; fileRef = 1C91E8C11C11398600696AC0 /* searchTests.m */; };
/* End PBXBuildFile section */

/* Begin PBXContainerItemProxy section */
		1C91E8BC1C11398600696AC0 /* PBXContainerItemProxy */ = {
			isa = PBXContainerItemProxy;
			containerPortal = 1C91E89A1C11398600696AC0 /* Project object */;
			proxyType = 1;
			remoteGlobalIDString = 1C91E8A11C11398600696AC0;
			remoteInfo = search;
		};
/* End PBXContainerItemProxy section */

/* Begin PBXFileReference section */
		1C91E8A21C11398600696AC0 /* search.app */ = {isa = PBXFileReference; explicitFileType = wrapper.application; includeInIndex = 0; path = search.app; sourceTree = BUILT_PRODUCTS_DIR; };
		1C91E8A61C11398600696AC0 /* Info.plist */ = {isa = PBXFileReference; lastKnownFileType = text.plist.xml; path = Info.plist; sourceTree = "<group>"; };
		1C91E8A71C11398600696AC0 /* main.m */ = {isa = PBXFileReference; lastKnownFileType = sourcecode.c.objc; path = main.m; sourceTree = "<group>"; };
		1C91E8A91C11398600696AC0 /* AppDelegate.h */ = {isa = PBXFileReference; lastKnownFileType = sourcecode.c.h; path = AppDelegate.h; sourceTree = "<group>"; };
		1C91E8AA1C11398600696AC0 /* AppDelegate.m */ = {isa = PBXFileReference; lastKnownFileType = sourcecode.c.objc; path = AppDelegate.m; sourceTree = "<group>"; };
		1C91E8AC1C11398600696AC0 /* ViewController.h */ = {isa = PBXFileReference; lastKnownFileType = sourcecode.c.h; path = ViewController.h; sourceTree = "<group>"; };
		1C91E8AD1C11398600696AC0 /* ViewController.m */ = {isa = PBXFileReference; lastKnownFileType = sourcecode.c.objc; path = ViewController.m; sourceTree = "<group>"; };
		1C91E8B01C11398600696AC0 /* Base */ = {isa = PBXFileReference; lastKnownFileType = file.storyboard; name = Base; path = Base.lproj/Main.storyboard; sourceTree = "<group>"; };
		1C91E8B21C11398600696AC0 /* Images.xcassets */ = {isa = PBXFileReference; lastKnownFileType = folder.assetcatalog; path = Images.xcassets; sourceTree = "<group>"; };
		1C91E8B51C11398600696AC0 /* Base */ = {isa = PBXFileReference; lastKnownFileType = file.xib; name = Base; path = Base.lproj/LaunchScreen.xib; sourceTree = "<group>"; };
		1C91E8BB1C11398600696AC0 /* searchTests.xctest */ = {isa = PBXFileReference; explicitFileType = wrapper.cfbundle; includeInIndex = 0; path = searchTests.xctest; sourceTree = BUILT_PRODUCTS_DIR; };
		1C91E8C01C11398600696AC0 /* Info.plist */ = {isa = PBXFileReference; lastKnownFileType = text.plist.xml; path = Info.plist; sourceTree = "<group>"; };
		1C91E8C11C11398600696AC0 /* searchTests.m */ = {isa = PBXFileReference; lastKnownFileType = sourcecode.c.objc; path = searchTests.m; sourceTree = "<group>"; };
/* End PBXFileReference section */

/* Begin PBXFrameworksBuildPhase section */
		1C91E89F1C11398600696AC0 /* Frameworks */ = {
			isa = PBXFrameworksBuildPhase;
			buildActionMask = 2147483647;
			files = (
			);
			runOnlyForDeploymentPostprocessing = 0;
		};
		1C91E8B81C11398600696AC0 /* Frameworks */ = {
			isa = PBXFrameworksBuildPhase;
			buildActionMask = 2147483647;
			files = (
			);
			runOnlyForDeploymentPostprocessing = 0;
		};
/* End PBXFrameworksBuildPhase section */

/* Begin PBXGroup section */
		1C91E8991C11398600696AC0 = {
			isa = PBXGroup;
			children = (
				1C91E8A41C11398600696AC0 /* search */,
				1C91E8BE1C11398600696AC0 /* searchTests */,
				1C91E8A31C11398600696AC0 /* Products */,
			);
			sourceTree = "<group>";
		};
		1C91E8A31C11398600696AC0 /* Products */ = {
			isa = PBXGroup;
			children = (
				1C91E8A21C11398600696AC0 /* search.app */,
				1C91E8BB1C11398600696AC0 /* searchTests.xctest */,
			);
			name = Products;
			sourceTree = "<group>";
		};
		1C91E8A41C11398600696AC0 /* search */ = {
			isa = PBXGroup;
			children = (
				1C91E8A91C11398600696AC0 /* AppDelegate.h */,
				1C91E8AA1C11398600696AC0 /* AppDelegate.m */,
				1C91E8AC1C11398600696AC0 /* ViewController.h */,
				1C91E8AD1C11398600696AC0 /* ViewController.m */,
				1C91E8AF1C11398600696AC0 /* Main.storyboard */,
				1C91E8B21C11398600696AC0 /* Images.xcassets */,
				1C91E8B41C11398600696AC0 /* LaunchScreen.xib */,
				1C91E8A51C11398600696AC0 /* Supporting Files */,
			);
			path = search;
			sourceTree = "<group>";
		};
		1C91E8A51C11398600696AC0 /* Supporting Files */ = {
			isa = PBXGroup;
			children = (
				1C91E8A61C11398600696AC0 /* Info.plist */,
				1C91E8A71C11398600696AC0 /* main.m */,
			);
			name = "Supporting Files";
			sourceTree = "<group>";
		};
		1C91E8BE1C11398600696AC0 /* searchTests */ = {
			isa = PBXGroup;
			children = (
				1C91E8C11C11398600696AC0 /* searchTests.m */,
				1C91E8BF1C11398600696AC0 /* Supporting Files */,
			);
			path = searchTests;
			sourceTree = "<group>";
		};
		1C91E8BF1C11398600696AC0 /* Supporting Files */ = {
			isa = PBXGroup;
			children = (
				1C91E8C01C11398600696AC0 /* Info.plist */,
			);
			name = "Supporting Files";
			sourceTree = "<group>";
		};
/* End PBXGroup section */

/* Begin PBXNativeTarget section */
		1C91E8A11C11398600696AC0 /* search */ = {
			isa = PBXNativeTarget;
			buildConfigurationList = 1C91E8C51C11398600696AC0 /* Build configuration list for PBXNativeTarget "search" */;
			buildPhases = (
				1C91E89E1C11398600696AC0 /* Sources */,
				1C91E89F1C11398600696AC0 /* Frameworks */,
				1C91E8A01C11398600696AC0 /* Resources */,
			);
			buildRules = (
			);
			dependencies = (
			);
			name = search;
			productName = search;
			productReference = 1C91E8A21C11398600696AC0 /* search.app */;
			productType = "com.apple.product-type.application";
		};
		1C91E8BA1C11398600696AC0 /* searchTests */ = {
			isa = PBXNativeTarget;
			buildConfigurationList = 1C91E8C81C11398600696AC0 /* Build configuration list for PBXNativeTarget "searchTests" */;
			buildPhases = (
				1C91E8B71C11398600696AC0 /* Sources */,
				1C91E8B81C11398600696AC0 /* Frameworks */,
				1C91E8B91C11398600696AC0 /* Resources */,
			);
			buildRules = (
			);
			dependencies = (
				1C91E8BD1C11398600696AC0 /* PBXTargetDependency */,
			);
			name = searchTests;
			productName = searchTests;
			productReference = 1C91E8BB1C11398600696AC0 /* searchTests.xctest */;
			productType = "com.apple.product-type.bundle.unit-test";
		};
/* End PBXNativeTarget section */

/* Begin PBXProject section */
		1C91E89A1C11398600696AC0 /* Project object */ = {
			isa = PBXProject;
			attributes = {
				LastUpgradeCheck = 0640;
				ORGANIZATIONNAME = lihua;
				TargetAttributes = {
					1C91E8A11C11398600696AC0 = {
						CreatedOnToolsVersion = 6.4;
					};
					1C91E8BA1C11398600696AC0 = {
						CreatedOnToolsVersion = 6.4;
						TestTargetID = 1C91E8A11C11398600696AC0;
					};
				};
			};
			buildConfigurationList = 1C91E89D1C11398600696AC0 /* Build configuration list for PBXProject "search" */;
			compatibilityVersion = "Xcode 3.2";
			developmentRegion = English;
			hasScannedForEncodings = 0;
			knownRegions = (
				en,
				Base,
			);
			mainGroup = 1C91E8991C11398600696AC0;
			productRefGroup = 1C91E8A31C11398600696AC0 /* Products */;
			projectDirPath = "";
			projectRoot = "";
			targets = (
				1C91E8A11C11398600696AC0 /* search */,
				1C91E8BA1C11398600696AC0 /* searchTests */,
			);
		};
/* End PBXProject section */

/* Begin PBXResourcesBuildPhase section */
		1C91E8A01C11398600696AC0 /* Resources */ = {
			isa = PBXResourcesBuildPhase;
			buildActionMask = 2147483647;
			files = (
				1C91E8B11C11398600696AC0 /* Main.storyboard in Resources */,
				1C91E8B61C11398600696AC0 /* LaunchScreen.xib in Resources */,
				1C91E8B31C11398600696AC0 /* Images.xcassets in Resources */,
			);
			runOnlyForDeploymentPostprocessing = 0;
		};
		1C91E8B91C11398600696AC0 /* Resources */ = {
			isa = PBXResourcesBuildPhase;
			buildActionMask = 2147483647;
			files = (
			);
			runOnlyForDeploymentPostprocessing = 0;
		};
/* End PBXResourcesBuildPhase section */

/* Begin PBXSourcesBuildPhase section */
		1C91E89E1C11398600696AC0 /* Sources */ = {
			isa = PBXSourcesBuildPhase;
			buildActionMask = 2147483647;
			files = (
				1C91E8AE1C11398600696AC0 /* ViewController.m in Sources */,
				1C91E8AB1C11398600696AC0 /* AppDelegate.m in Sources */,
				1C91E8A81C11398600696AC0 /* main.m in Sources */,
			);
			runOnlyForDeploymentPostprocessing = 0;
		};
		1C91E8B71C11398600696AC0 /* Sources */ = {
			isa = PBXSourcesBuildPhase;
			buildActionMask = 2147483647;
			files = (
				1C91E8C21C11398600696AC0 /* searchTests.m in Sources */,
			);
			runOnlyForDeploymentPostprocessing = 0;
		};
/* End PBXSourcesBuildPhase section */

/* Begin PBXTargetDependency section */
		1C91E8BD1C11398600696AC0 /* PBXTargetDependency */ = {
			isa = PBXTargetDependency;
			target = 1C91E8A11C11398600696AC0 /* search */;
			targetProxy = 1C91E8BC1C11398600696AC0 /* PBXContainerItemProxy */;
		};
/* End PBXTargetDependency section */

/* Begin PBXVariantGroup section */
		1C91E8AF1C11398600696AC0 /* Main.storyboard */ = {
			isa = PBXVariantGroup;
			children = (
				1C91E8B01C11398600696AC0 /* Base */,
			);
			name = Main.storyboard;
			sourceTree = "<group>";
		};
		1C91E8B41C11398600696AC0 /* LaunchScreen.xib */ = {
			isa = PBXVariantGroup;
			children = (
				1C91E8B51C11398600696AC0 /* Base */,
			);
			name = LaunchScreen.xib;
			sourceTree = "<group>";
		};
/* End PBXVariantGroup section */

/* Begin XCBuildConfiguration section */
		1C91E8C31C11398600696AC0 /* Debug */ = {
			isa = XCBuildConfiguration;
			buildSettings = {
				ALWAYS_SEARCH_USER_PATHS = NO;
				CLANG_CXX_LANGUAGE_STANDARD = "gnu++0x";
				CLANG_CXX_LIBRARY = "libc++";
				CLANG_ENABLE_MODULES = YES;
				CLANG_ENABLE_OBJC_ARC = YES;
				CLANG_WARN_BOOL_CONVERSION = YES;
				CLANG_WARN_CONSTANT_CONVERSION = YES;
				CLANG_WARN_DIRECT_OBJC_ISA_USAGE = YES_ERROR;
				CLANG_WARN_EMPTY_BODY = YES;
				CLANG_WARN_ENUM_CONVERSION = YES;
				CLANG_WARN_INT_CONVERSION = YES;
				CLANG_WARN_OBJC_ROOT_CLASS = YES_ERROR;
				CLANG_WARN_UNREACHABLE_CODE = YES;
				CLANG_WARN__DUPLICATE_METHOD_MATCH = YES;
				"CODE_SIGN_IDENTITY[sdk=iphoneos*]" = "iPhone Developer";
				COPY_PHASE_STRIP = NO;
				DEBUG_INFORMATION_FORMAT = "dwarf-with-dsym";
				ENABLE_STRICT_OBJC_MSGSEND = YES;
				GCC_C_LANGUAGE_STANDARD = gnu99;
				GCC_DYNAMIC_NO_PIC = NO;
				GCC_NO_COMMON_BLOCKS = YES;
				GCC_OPTIMIZATION_LEVEL = 0;
				GCC_PREPROCESSOR_DEFINITIONS = (
					"DEBUG=1",
					"$(inherited)",
				);
				GCC_SYMBOLS_PRIVATE_EXTERN = NO;
				GCC_WARN_64_TO_32_BIT_CONVERSION = YES;
				GCC_WARN_ABOUT_RETURN_TYPE = YES_ERROR;
				GCC_WARN_UNDECLARED_SELECTOR = YES;
				GCC_WARN_UNINITIALIZED_AUTOS = YES_AGGRESSIVE;
				GCC_WARN_UNUSED_FUNCTION = YES;
				GCC_WARN_UNUSED_VARIABLE = YES;
				IPHONEOS_DEPLOYMENT_TARGET = 8.4;
				MTL_ENABLE_DEBUG_INFO = YES;
				ONLY_ACTIVE_ARCH = YES;
				SDKROOT = iphoneos;
			};
			name = Debug;
		};
		1C91E8C41C11398600696AC0 /* Release */ = {
			isa = XCBuildConfiguration;
			buildSettings = {
				ALWAYS_SEARCH_USER_PATHS = NO;
				CLANG_CXX_LANGUAGE_STANDARD = "gnu++0x";
				CLANG_CXX_LIBRARY = "libc++";
				CLANG_ENABLE_MODULES = YES;
				CLANG_ENABLE_OBJC_ARC = YES;
				CLANG_WARN_BOOL_CONVERSION = YES;
				CLANG_WARN_CONSTANT_CONVERSION = YES;
				CLANG_WARN_DIRECT_OBJC_ISA_USAGE = YES_ERROR;
				CLANG_WARN_EMPTY_BODY = YES;
				CLANG_WARN_ENUM_CONVERSION = YES;
				CLANG_WARN_INT_CONVERSION = YES;
				CLANG_WARN_OBJC_ROOT_CLASS = YES_ERROR;
				CLANG_WARN_UNREACHABLE_CODE = YES;
				CLANG_WARN__DUPLICATE_METHOD_MATCH = YES;
				"CODE_SIGN_IDENTITY[sdk=iphoneos*]" = "iPhone Developer";
				COPY_PHASE_STRIP = NO;
				DEBUG_INFORMATION_FORMAT = "dwarf-with-dsym";
				ENABLE_NS_ASSERTIONS = NO;
				ENABLE_STRICT_OBJC_MSGSEND = YES;
				GCC_C_LANGUAGE_STANDARD = gnu99;
				GCC_NO_COMMON_BLOCKS = YES;
				GCC_WARN_64_TO_32_BIT_CONVERSION = YES;
				GCC_WARN_ABOUT_RETURN_TYPE = YES_ERROR;
				GCC_WARN_UNDECLARED_SELECTOR = YES;
				GCC_WARN_UNINITIALIZED_AUTOS = YES_AGGRESSIVE;
				GCC_WARN_UNUSED_FUNCTION = YES;
				GCC_WARN_UNUSED_VARIABLE = YES;
				IPHONEOS_DEPLOYMENT_TARGET = 8.4;
				MTL_ENABLE_DEBUG_INFO = NO;
				SDKROOT = iphoneos;
				VALIDATE_PRODUCT = YES;
			};
			name = Release;
		};
		1C91E8C61C11398600696AC0 /* Debug */ = {
			isa = XCBuildConfiguration;
			buildSettings = {
				ASSETCATALOG_COMPILER_APPICON_NAME = AppIcon;
				INFOPLIST_FILE = search/Info.plist;
				LD_RUNPATH_SEARCH_PATHS = "$(inherited) @executable_path/Frameworks";
				PRODUCT_NAME = "$(TARGET_NAME)";
			};
			name = Debug;
		};
		1C91E8C71C11398600696AC0 /* Release */ = {
			isa = XCBuildConfiguration;
			buildSettings = {
				ASSETCATALOG_COMPILER_APPICON_NAME = AppIcon;
				INFOPLIST_FILE = search/Info.plist;
				LD_RUNPATH_SEARCH_PATHS = "$(inherited) @executable_path/Frameworks";
				PRODUCT_NAME = "$(TARGET_NAME)";
			};
			name = Release;
		};
		1C91E8C91C11398600696AC0 /* Debug */ = {
			isa = XCBuildConfiguration;
			buildSettings = {
				BUNDLE_LOADER = "$(TEST_HOST)";
				FRAMEWORK_SEARCH_PATHS = (
					"$(SDKROOT)/Developer/Library/Frameworks",
					"$(inherited)",
				);
				GCC_PREPROCESSOR_DEFINITIONS = (
					"DEBUG=1",
					"$(inherited)",
				);
				INFOPLIST_FILE = searchTests/Info.plist;
				LD_RUNPATH_SEARCH_PATHS = "$(inherited) @executable_path/Frameworks @loader_path/Frameworks";
				PRODUCT_NAME = "$(TARGET_NAME)";
				TEST_HOST = "$(BUILT_PRODUCTS_DIR)/search.app/search";
			};
			name = Debug;
		};
		1C91E8CA1C11398600696AC0 /* Release */ = {
			isa = XCBuildConfiguration;
			buildSettings = {
				BUNDLE_LOADER = "$(TEST_HOST)";
				FRAMEWORK_SEARCH_PATHS = (
					"$(SDKROOT)/Developer/Library/Frameworks",
					"$(inherited)",
				);
				INFOPLIST_FILE = searchTests/Info.plist;
				LD_RUNPATH_SEARCH_PATHS = "$(inherited) @executable_path/Frameworks @loader_path/Frameworks";
				PRODUCT_NAME = "$(TARGET_NAME)";
				TEST_HOST = "$(BUILT_PRODUCTS_DIR)/search.app/search";
			};
			name = Release;
		};
/* End XCBuildConfiguration section */

/* Begin XCConfigurationList section */
		1C91E89D1C11398600696AC0 /* Build configuration list for PBXProject "search" */ = {
			isa = XCConfigurationList;
			buildConfigurations = (
				1C91E8C31C11398600696AC0 /* Debug */,
				1C91E8C41C11398600696AC0 /* Release */,
			);
			defaultConfigurationIsVisible = 0;
			defaultConfigurationName = Release;
		};
		1C91E8C51C11398600696AC0 /* Build configuration list for PBXNativeTarget "search" */ = {
			isa = XCConfigurationList;
			buildConfigurations = (
				1C91E8C61C11398600696AC0 /* Debug */,
				1C91E8C71C11398600696AC0 /* Release */,
			);
			defaultConfigurationIsVisible = 0;
		};
		1C91E8C81C11398600696AC0 /* Build configuration list for PBXNativeTarget "searchTests" */ = {
			isa = XCConfigurationList;
			buildConfigurations = (
				1C91E8C91C11398600696AC0 /* Debug */,
				1C91E8CA1C11398600696AC0 /* Release */,
			);
			defaultConfigurationIsVisible = 0;
		};
/* End XCConfigurationList section */
	};
	rootObject = 1C91E89A1C11398600696AC0 /* Project object */;
}
